%{"bunt": {:hex, :bunt, "0.2.0", "951c6e801e8b1d2cbe58ebbd3e616a869061ddadcc4863d0a2182541acae9a38", [:mix], []},
  "credo": {:hex, :credo, "0.7.2", "850463f126c09227994967fdcf8b8ad7684ab220f7727c00bcafc0ac37bd3660", [:mix], [{:bunt, "~> 0.2.0", [hex: :bunt, optional: false]}]},
  "ex_machina": {:hex, :ex_machina, "2.0.0", "ec284c6f57233729cea9319e083f66e613e82549f78eccdb2059aeba5d0df9f3", [:mix], [{:ecto, "~> 2.1", [hex: :ecto, optional: true]}]},
  "uuid": {:hex, :uuid, "1.1.7", "007afd58273bc0bc7f849c3bdc763e2f8124e83b957e515368c498b641f7ab69", [:mix], []}}
